github.com/cmd-stream/cmd-stream-go v0.5.2 h1:9YM7Jo4Zht8gqBn29ponzIbCVnuQF5CY28+E18scogk=
github.com/cmd-stream/cmd-stream-go v0.5.2/go.mod h1:YVFSofjwCFom+oGYCZBCdvLXH3JuVIcfcmLTtnfeyBY=
github.com/cmd-stream/codec-go v0.0.0-20260411034229-e83a42567a3a h1:WCTPbASxCdwC8bfujW+H+z0wZ7A2LFTrCCe5+KYmuZI=
github.com/cmd-stream/codec-go v0.0.0-20260411034229-e83a42567a3a/go.mod h1:gYnWWF0p3e98K40BfrsguiSM0uz/DYdeT3x/yqm9im0=
github.com/google/go-cmp v0.7.0 h1:wk8382ETsv4JYUZwIsn6YpYiWiBsYLSJiTsyBybVuN8=
github.com/google/go-cmp v0.7.0/go.mod h1:pXiqmnSA92OHEEa9HXL2W4E7lf9JzCmGVUdgjX3N/iU=
github.com/mus-format/common-go v0.0.0-20260324174526-3d8f1741b5a2 h1:oob6maWbVV+yevC1EawGOSyqcU2Cvj3ZWAF0FKoT+uU=
github.com/mus-format/common-go v0.0.0-20260324174526-3d8f1741b5a2/go.mod h1:XhSTID+Ln32bHgJQjtizWsMFY219tfWa4sObJxHhATw=
github.com/mus-format/mus-stream-go v0.9.1 h1:C4fosQebagLHWCpu++JRvH0/rG9uGplU3wyvfO65uy4=
github.com/mus-format/mus-stream-go v0.9.1/go.mod h1:Ibe+4qwbIqFhzA27YOLZL8R0wlY19rRYCHqWWPU+kfE=
github.com/ymz-ncnk/assert v0.0.0-20260108210721-155bc9aa4282 h1:lU0oPVPOGW0BZwLwAqfSTh1yxhFbwXDv/UAYY54QTq0=
github.com/ymz-ncnk/assert v0.0.0-20260108210721-155bc9aa4282/go.mod h1:+lSOTrCyOPuvc0xuvK4uKhgQ0Ar3U/HJPpJZg73kvgE=
github.com/ymz-ncnk/mok v0.2.2 h1:MkHkli+n3Ci6Xla9e/6LApJZ6/XjLB6AB3IXDr9a7hk=
github.com/ymz-ncnk/mok v0.2.2/go.mod h1:oG5QOzlimZyay1H6edXmCSd7YmcRhAm1j7qC8QcmWzM=
golang.org/x/exp v0.0.0-20250305212735-054e65f0b394 h1:nDVHiLt8aIbd/VzvPWN6kSOPE7+F/fNFDSXLVYkE/Iw=
golang.org/x/exp v0.0.0-20250305212735-054e65f0b394/go.mod h1:sIifuuw/Yco/y6yb6+bDNfyeQ/MdPUy/hKEMYQV17cM=
google.golang.org/protobuf v1.36.10 h1:AYd7cD/uASjIL6Q9LiTjz8JLcrh/88q5UObnmY3aOOE=
google.golang.org/protobuf v1.36.10/go.mod h1:HTf+CrKn2C3g5S8VImy6tdcUvCska2kB7j23XfzDpco=
